<?xml version="1.0"?>
<CONFIG>
  <ProjectOptions>
    <Version Value="9"/>
    <PathDelim Value="\"/>
    <General>
      <Flags>
        <MainUnitHasCreateFormStatements Value="False"/>
        <MainUnitHasTitleStatement Value="False"/>
        <LRSInOutputDirectory Value="False"/>
      </Flags>
      <MainUnit Value="0"/>
      <Title Value="bibcapt2_lazarus"/>
      <UseAppBundle Value="False"/>
      <ActiveWindowIndexAtStart Value="0"/>
    </General>
    <BuildModes Count="1">
      <Item1 Name="default" Default="True"/>
    </BuildModes>
    <PublishOptions>
      <Version Value="2"/>
      <IgnoreBinaries Value="False"/>
      <IncludeFileFilter Value="*.(pas|pp|inc|lfm|lpr|lrs|lpi|lpk|sh|xml)"/>
      <ExcludeFileFilter Value="*.(bak|ppu|ppw|o|so);*~;backup"/>
    </PublishOptions>
    <RunParams>
      <local>
        <FormatVersion Value="1"/>
        <LaunchingApplication PathPlusParams="\usr\X11R6\bin\xterm -T 'Lazarus Run Output' -e $(LazarusDir)\tools\runwait.sh $(TargetCmdLine)"/>
      </local>
    </RunParams>
    <Units Count="2">
      <Unit0>
        <Filename Value="bibcapt2_lazarus.pas"/>
        <IsPartOfProject Value="True"/>
        <UnitName Value="bibcapt2_lazarus"/>
        <IsVisibleTab Value="True"/>
        <EditorIndex Value="0"/>
        <WindowIndex Value="0"/>
        <TopLine Value="43"/>
        <CursorPos X="14" Y="49"/>
        <UsageCount Value="26"/>
        <Loaded Value="True"/>
        <LoadedDesigner Value="True"/>
        <DefaultSyntaxHighlighter Value="Delphi"/>
      </Unit0>
      <Unit1>
        <Filename Value="..\..\..\pilotes\pdll\pdll_lz\pdll_lz.pas"/>
        <UnitName Value="pdll_lz"/>
        <TopLine Value="1"/>
        <CursorPos X="1" Y="1"/>
        <UsageCount Value="10"/>
      </Unit1>
    </Units>
    <JumpHistory Count="8" HistoryIndex="7">
      <Position1>
        <Filename Value="bibcapt2_lazarus.pas"/>
        <Caret Line="42" Column="54" TopLine="31"/>
      </Position1>
      <Position2>
        <Filename Value="bibcapt2_lazarus.pas"/>
        <Caret Line="581" Column="68" TopLine="224"/>
      </Position2>
      <Position3>
        <Filename Value="bibcapt2_lazarus.pas"/>
        <Caret Line="591" Column="63" TopLine="574"/>
      </Position3>
      <Position4>
        <Filename Value="bibcapt2_lazarus.pas"/>
        <Caret Line="49" Column="3" TopLine="30"/>
      </Position4>
      <Position5>
        <Filename Value="bibcapt2_lazarus.pas"/>
        <Caret Line="594" Column="57" TopLine="581"/>
      </Position5>
      <Position6>
        <Filename Value="bibcapt2_lazarus.pas"/>
        <Caret Line="592" Column="22" TopLine="581"/>
      </Position6>
      <Position7>
        <Filename Value="bibcapt2_lazarus.pas"/>
        <Caret Line="49" Column="1" TopLine="41"/>
      </Position7>
      <Position8>
        <Filename Value="bibcapt2_lazarus.pas"/>
        <Caret Line="713" Column="1" TopLine="696"/>
      </Position8>
    </JumpHistory>
  </ProjectOptions>
  <CompilerOptions>
    <Version Value="9"/>
    <PathDelim Value="\"/>
    <SearchPaths>
      <IncludeFiles Value="$(ProjOutDir)"/>
      <OtherUnitFiles Value="$(LazarusDir)\lcl\units\$(TargetCPU)-$(TargetOS);$(LazarusDir)\lcl\units\$(TargetCPU)-$(TargetOS)\$(LCLWidgetType);$(LazarusDir)\components\codetools\units\$(TargetCPU)-$(TargetOS);$(LazarusDir)\components\custom;$(LazarusDir)\packager\units\$(TargetCPU)-$(TargetOS)"/>
    </SearchPaths>
    <Parsing>
      <Style Value="1"/>
      <SyntaxOptions>
        <SyntaxMode Value="Delphi"/>
        <CStyleOperator Value="False"/>
        <CPPInline Value="False"/>
        <UseAnsiStrings Value="False"/>
      </SyntaxOptions>
    </Parsing>
    <CodeGeneration>
      <SmartLinkUnit Value="True"/>
      <TargetCPU Value="i386"/>
      <Optimizations>
        <VariablesInRegisters Value="True"/>
        <OptimizationLevel Value="3"/>
      </Optimizations>
    </CodeGeneration>
    <Linking>
      <Debugging>
        <UseLineInfoUnit Value="False"/>
        <StripSymbols Value="True"/>
      </Debugging>
      <Options>
        <ExecutableType Value="Library"/>
      </Options>
    </Linking>
    <Other>
      <CompilerMessages>
        <UseMsgFile Value="True"/>
      </CompilerMessages>
      <CompilerPath Value="$(CompPath)"/>
    </Other>
  </CompilerOptions>
  <Debugging>
    <Exceptions Count="3">
      <Item1>
        <Name Value="EAbort"/>
      </Item1>
      <Item2>
        <Name Value="ECodetoolError"/>
      </Item2>
      <Item3>
        <Name Value="EFOpenError"/>
      </Item3>
    </Exceptions>
  </Debugging>
</CONFIG>
