<?xml version="1.0"?>
<CONFIG>
  <ProjectOptions>
    <PathDelim Value="\"/>
    <Version Value="7"/>
    <General>
      <Flags>
        <MainUnitHasCreateFormStatements Value="False"/>
        <MainUnitHasTitleStatement Value="False"/>
        <LRSInOutputDirectory Value="False"/>
      </Flags>
      <MainUnit Value="0"/>
      <TargetFileExt Value=""/>
      <Title Value="bibcapt2_lazarus_calcapture"/>
      <UseAppBundle Value="False"/>
      <ActiveEditorIndexAtStart Value="0"/>
    </General>
    <PublishOptions>
      <Version Value="2"/>
      <IgnoreBinaries Value="False"/>
      <IncludeFileFilter Value="*.(pas|pp|inc|lfm|lpr|lrs|lpi|lpk|sh|xml)"/>
      <ExcludeFileFilter Value="*.(bak|ppu|ppw|o|so);*~;backup"/>
    </PublishOptions>
    <RunParams>
      <local>
        <FormatVersion Value="1"/>
        <LaunchingApplication PathPlusParams="\usr\X11R6\bin\xterm -T 'Lazarus Run Output' -e $(LazarusDir)\tools\runwait.sh $(TargetCmdLine)"/>
      </local>
    </RunParams>
    <Units Count="3">
      <Unit0>
        <Filename Value="bibcapt2_lazarus_calcapture.pas"/>
        <IsPartOfProject Value="True"/>
        <UnitName Value="bibcapt2_lazarus_calcapture"/>
        <CursorPos X="22" Y="48"/>
        <TopLine Value="35"/>
        <EditorIndex Value="0"/>
        <UsageCount Value="32"/>
        <Loaded Value="True"/>
        <SyntaxHighlighter Value="Delphi"/>
      </Unit0>
      <Unit1>
        <Filename Value="..\..\..\pilotes\pdll\pdll_lz\pdll_lz.pas"/>
        <UnitName Value="pdll_lz"/>
        <CursorPos X="1" Y="1"/>
        <TopLine Value="1"/>
        <UsageCount Value="10"/>
      </Unit1>
      <Unit2>
        <Filename Value="fenetre_dialogue_bibcapt2_lazarus.pas"/>
        <IsPartOfProject Value="True"/>
        <ComponentName Value="Form1"/>
        <ResourceBaseClass Value="Form"/>
        <UnitName Value="fenetre_dialogue_bibcapt2_lazarus"/>
        <CursorPos X="3" Y="9"/>
        <TopLine Value="1"/>
        <EditorIndex Value="1"/>
        <UsageCount Value="22"/>
        <Loaded Value="True"/>
        <SyntaxHighlighter Value="Delphi"/>
      </Unit2>
    </Units>
    <JumpHistory Count="8" HistoryIndex="7">
      <Position1>
        <Filename Value="bibcapt2_lazarus_calcapture.pas"/>
        <Caret Line="595" Column="38" TopLine="583"/>
      </Position1>
      <Position2>
        <Filename Value="bibcapt2_lazarus_calcapture.pas"/>
        <Caret Line="596" Column="52" TopLine="585"/>
      </Position2>
      <Position3>
        <Filename Value="bibcapt2_lazarus_calcapture.pas"/>
        <Caret Line="594" Column="64" TopLine="586"/>
      </Position3>
      <Position4>
        <Filename Value="bibcapt2_lazarus_calcapture.pas"/>
        <Caret Line="591" Column="31" TopLine="584"/>
      </Position4>
      <Position5>
        <Filename Value="bibcapt2_lazarus_calcapture.pas"/>
        <Caret Line="594" Column="6" TopLine="584"/>
      </Position5>
      <Position6>
        <Filename Value="bibcapt2_lazarus_calcapture.pas"/>
        <Caret Line="598" Column="1" TopLine="586"/>
      </Position6>
      <Position7>
        <Filename Value="bibcapt2_lazarus_calcapture.pas"/>
        <Caret Line="596" Column="3" TopLine="586"/>
      </Position7>
      <Position8>
        <Filename Value="bibcapt2_lazarus_calcapture.pas"/>
        <Caret Line="589" Column="1" TopLine="570"/>
      </Position8>
    </JumpHistory>
  </ProjectOptions>
  <CompilerOptions>
    <Version Value="8"/>
    <PathDelim Value="\"/>
    <SearchPaths>
      <IncludeFiles Value="$(ProjOutDir)\"/>
      <OtherUnitFiles Value="$(LazarusDir)\lcl\units\$(TargetCPU)-$(TargetOS)\;$(LazarusDir)\lcl\units\$(TargetCPU)-$(TargetOS)\$(LCLWidgetType)\;$(LazarusDir)\components\codetools\units\$(TargetCPU)-$(TargetOS)\;$(LazarusDir)\components\custom\;$(LazarusDir)\packager\units\$(TargetCPU)-$(TargetOS)\"/>
    </SearchPaths>
    <Parsing>
      <Style Value="1"/>
      <SyntaxOptions>
        <SyntaxMode Value="Delphi"/>
        <CStyleOperator Value="False"/>
        <CPPInline Value="False"/>
      </SyntaxOptions>
    </Parsing>
    <CodeGeneration>
      <SmartLinkUnit Value="True"/>
      <TargetCPU Value="i386"/>
      <Optimizations>
        <VariablesInRegisters Value="True"/>
        <OptimizationLevel Value="3"/>
      </Optimizations>
    </CodeGeneration>
    <Linking>
      <Debugging>
        <UseLineInfoUnit Value="False"/>
        <StripSymbols Value="True"/>
      </Debugging>
      <Options>
        <ExecutableType Value="Library"/>
      </Options>
    </Linking>
    <Other>
      <CompilerMessages>
        <UseMsgFile Value="True"/>
      </CompilerMessages>
      <CompilerPath Value="$(CompPath)"/>
    </Other>
  </CompilerOptions>
  <Debugging>
    <Exceptions Count="3">
      <Item1>
        <Name Value="EAbort"/>
      </Item1>
      <Item2>
        <Name Value="ECodetoolError"/>
      </Item2>
      <Item3>
        <Name Value="EFOpenError"/>
      </Item3>
    </Exceptions>
  </Debugging>
</CONFIG>
